
Microsoft Visual Studio Solution File, Format Version 12.00
# Visual Studio Version 17
VisualStudioVersion = 17.0.31903.59
MinimumVisualStudioVersion = 10.0.40219.1
Project("{2150E333-8FDC-42A3-9474-1A3956D46DE8}") = "src", "src", "{827E0CD3-B72D-47B6-A68D-7590B98EB39B}"
EndProject
Project("{FAE04EC0-301F-11D3-BF4B-00C04F79EFBC}") = "BrandshareDamSync.Daemon", "src\BrandshareDamSync.Daemon\BrandshareDamSync.Daemon.csproj", "{0DC42ED3-1C05-45BD-B068-1125C691A7FC}"
EndProject
Project("{FAE04EC0-301F-11D3-BF4B-00C04F79EFBC}") = "BrandshareDamSync.Cli", "src\BrandshareDamSync.Cli\BrandshareDamSync.Cli.csproj", "{B3B1E1AA-3BF5-4207-BFDA-85C083BF9077}"
EndProject
Project("{2150E333-8FDC-42A3-9474-1A3956D46DE8}") = "tests", "tests", "{0AB3BF05-4346-4AA6-1389-037BE0695223}"
EndProject
Project("{FAE04EC0-301F-11D3-BF4B-00C04F79EFBC}") = "BrandshareDamSync.Daemon.Tests", "tests\BrandshareDamSync.Daemon.Tests\BrandshareDamSync.Daemon.Tests.csproj", "{189A3330-2D70-4AB4-9C51-F63425614206}"
EndProject
Project("{FAE04EC0-301F-11D3-BF4B-00C04F79EFBC}") = "BrandshareDamSync.Cli.Tests", "tests\BrandshareDamSync.Cli.Tests\BrandshareDamSync.Cli.Tests.csproj", "{2B8B235E-0F15-448B-BA39-35102B6DCFCD}"
EndProject
Project("{FAE04EC0-301F-11D3-BF4B-00C04F79EFBC}") = "BrandshareDamSync.Domain", "src\BrandshareDamSync.Domain\BrandshareDamSync.Domain.csproj", "{86934BB3-619A-4E6F-9EA1-C6EC902CACB0}"
EndProject
Project("{FAE04EC0-301F-11D3-BF4B-00C04F79EFBC}") = "BrandshareDamSync.Abstractions", "src\BrandshareDamSync.Abstractions\BrandshareDamSync.Abstractions.csproj", "{F56238DA-7A4E-482E-8CC2-9F50BC1D4B22}"
EndProject
Project("{FAE04EC0-301F-11D3-BF4B-00C04F79EFBC}") = "BrandshareDamSync.Application", "src\BrandshareDamSync.Application\BrandshareDamSync.Application.csproj", "{157FB0B8-FD08-1C1B-9228-D33BF77298DC}"
EndProject
Project("{FAE04EC0-301F-11D3-BF4B-00C04F79EFBC}") = "BrandshareDamSync.Infrastructure", "src\BrandshareDamSync.Infrastructure\BrandshareDamSync.Infrastructure.csproj", "{C8628433-BC74-36E4-A05E-972600371903}"
EndProject
Project("{FAE04EC0-301F-11D3-BF4B-00C04F79EFBC}") = "BrandshareDamSync.Infrastructure.Persistence", "src\BrandshareDamSync.Infrastructure.Persistence\BrandshareDamSync.Infrastructure.Persistence.csproj", "{11DE4019-4DA2-8412-2895-721FAF4179E7}"
EndProject
Global
	GlobalSection(SolutionConfigurationPlatforms) = preSolution
		Debug|Any CPU = Debug|Any CPU
		Debug|x64 = Debug|x64
		Debug|x86 = Debug|x86
		Release|Any CPU = Release|Any CPU
		Release|x64 = Release|x64
		Release|x86 = Release|x86
	EndGlobalSection
	GlobalSection(ProjectConfigurationPlatforms) = postSolution
		{0DC42ED3-1C05-45BD-B068-1125C691A7FC}.Debug|Any CPU.ActiveCfg = Debug|Any CPU
		{0DC42ED3-1C05-45BD-B068-1125C691A7FC}.Debug|Any CPU.Build.0 = Debug|Any CPU
		{0DC42ED3-1C05-45BD-B068-1125C691A7FC}.Debug|x64.ActiveCfg = Debug|Any CPU
		{0DC42ED3-1C05-45BD-B068-1125C691A7FC}.Debug|x64.Build.0 = Debug|Any CPU
		{0DC42ED3-1C05-45BD-B068-1125C691A7FC}.Debug|x86.ActiveCfg = Debug|Any CPU
		{0DC42ED3-1C05-45BD-B068-1125C691A7FC}.Debug|x86.Build.0 = Debug|Any CPU
		{0DC42ED3-1C05-45BD-B068-1125C691A7FC}.Release|Any CPU.ActiveCfg = Release|Any CPU
		{0DC42ED3-1C05-45BD-B068-1125C691A7FC}.Release|Any CPU.Build.0 = Release|Any CPU
		{0DC42ED3-1C05-45BD-B068-1125C691A7FC}.Release|x64.ActiveCfg = Release|Any CPU
		{0DC42ED3-1C05-45BD-B068-1125C691A7FC}.Release|x64.Build.0 = Release|Any CPU
		{0DC42ED3-1C05-45BD-B068-1125C691A7FC}.Release|x86.ActiveCfg = Release|Any CPU
		{0DC42ED3-1C05-45BD-B068-1125C691A7FC}.Release|x86.Build.0 = Release|Any CPU
		{B3B1E1AA-3BF5-4207-BFDA-85C083BF9077}.Debug|Any CPU.ActiveCfg = Debug|Any CPU
		{B3B1E1AA-3BF5-4207-BFDA-85C083BF9077}.Debug|Any CPU.Build.0 = Debug|Any CPU
		{B3B1E1AA-3BF5-4207-BFDA-85C083BF9077}.Debug|x64.ActiveCfg = Debug|Any CPU
		{B3B1E1AA-3BF5-4207-BFDA-85C083BF9077}.Debug|x64.Build.0 = Debug|Any CPU
		{B3B1E1AA-3BF5-4207-BFDA-85C083BF9077}.Debug|x86.ActiveCfg = Debug|Any CPU
		{B3B1E1AA-3BF5-4207-BFDA-85C083BF9077}.Debug|x86.Build.0 = Debug|Any CPU
		{B3B1E1AA-3BF5-4207-BFDA-85C083BF9077}.Release|Any CPU.ActiveCfg = Release|Any CPU
		{B3B1E1AA-3BF5-4207-BFDA-85C083BF9077}.Release|Any CPU.Build.0 = Release|Any CPU
		{B3B1E1AA-3BF5-4207-BFDA-85C083BF9077}.Release|x64.ActiveCfg = Release|Any CPU
		{B3B1E1AA-3BF5-4207-BFDA-85C083BF9077}.Release|x64.Build.0 = Release|Any CPU
		{B3B1E1AA-3BF5-4207-BFDA-85C083BF9077}.Release|x86.ActiveCfg = Release|Any CPU
		{B3B1E1AA-3BF5-4207-BFDA-85C083BF9077}.Release|x86.Build.0 = Release|Any CPU
		{189A3330-2D70-4AB4-9C51-F63425614206}.Debug|Any CPU.ActiveCfg = Debug|Any CPU
		{189A3330-2D70-4AB4-9C51-F63425614206}.Debug|Any CPU.Build.0 = Debug|Any CPU
		{189A3330-2D70-4AB4-9C51-F63425614206}.Debug|x64.ActiveCfg = Debug|Any CPU
		{189A3330-2D70-4AB4-9C51-F63425614206}.Debug|x64.Build.0 = Debug|Any CPU
		{189A3330-2D70-4AB4-9C51-F63425614206}.Debug|x86.ActiveCfg = Debug|Any CPU
		{189A3330-2D70-4AB4-9C51-F63425614206}.Debug|x86.Build.0 = Debug|Any CPU
		{189A3330-2D70-4AB4-9C51-F63425614206}.Release|Any CPU.ActiveCfg = Release|Any CPU
		{189A3330-2D70-4AB4-9C51-F63425614206}.Release|Any CPU.Build.0 = Release|Any CPU
		{189A3330-2D70-4AB4-9C51-F63425614206}.Release|x64.ActiveCfg = Release|Any CPU
		{189A3330-2D70-4AB4-9C51-F63425614206}.Release|x64.Build.0 = Release|Any CPU
		{189A3330-2D70-4AB4-9C51-F63425614206}.Release|x86.ActiveCfg = Release|Any CPU
		{189A3330-2D70-4AB4-9C51-F63425614206}.Release|x86.Build.0 = Release|Any CPU
		{2B8B235E-0F15-448B-BA39-35102B6DCFCD}.Debug|Any CPU.ActiveCfg = Debug|Any CPU
		{2B8B235E-0F15-448B-BA39-35102B6DCFCD}.Debug|Any CPU.Build.0 = Debug|Any CPU
		{2B8B235E-0F15-448B-BA39-35102B6DCFCD}.Debug|x64.ActiveCfg = Debug|Any CPU
		{2B8B235E-0F15-448B-BA39-35102B6DCFCD}.Debug|x64.Build.0 = Debug|Any CPU
		{2B8B235E-0F15-448B-BA39-35102B6DCFCD}.Debug|x86.ActiveCfg = Debug|Any CPU
		{2B8B235E-0F15-448B-BA39-35102B6DCFCD}.Debug|x86.Build.0 = Debug|Any CPU
		{2B8B235E-0F15-448B-BA39-35102B6DCFCD}.Release|Any CPU.ActiveCfg = Release|Any CPU
		{2B8B235E-0F15-448B-BA39-35102B6DCFCD}.Release|Any CPU.Build.0 = Release|Any CPU
		{2B8B235E-0F15-448B-BA39-35102B6DCFCD}.Release|x64.ActiveCfg = Release|Any CPU
		{2B8B235E-0F15-448B-BA39-35102B6DCFCD}.Release|x64.Build.0 = Release|Any CPU
		{2B8B235E-0F15-448B-BA39-35102B6DCFCD}.Release|x86.ActiveCfg = Release|Any CPU
		{2B8B235E-0F15-448B-BA39-35102B6DCFCD}.Release|x86.Build.0 = Release|Any CPU
		{86934BB3-619A-4E6F-9EA1-C6EC902CACB0}.Debug|Any CPU.ActiveCfg = Debug|Any CPU
		{86934BB3-619A-4E6F-9EA1-C6EC902CACB0}.Debug|Any CPU.Build.0 = Debug|Any CPU
		{86934BB3-619A-4E6F-9EA1-C6EC902CACB0}.Debug|x64.ActiveCfg = Debug|Any CPU
		{86934BB3-619A-4E6F-9EA1-C6EC902CACB0}.Debug|x64.Build.0 = Debug|Any CPU
		{86934BB3-619A-4E6F-9EA1-C6EC902CACB0}.Debug|x86.ActiveCfg = Debug|Any CPU
		{86934BB3-619A-4E6F-9EA1-C6EC902CACB0}.Debug|x86.Build.0 = Debug|Any CPU
		{86934BB3-619A-4E6F-9EA1-C6EC902CACB0}.Release|Any CPU.ActiveCfg = Release|Any CPU
		{86934BB3-619A-4E6F-9EA1-C6EC902CACB0}.Release|Any CPU.Build.0 = Release|Any CPU
		{86934BB3-619A-4E6F-9EA1-C6EC902CACB0}.Release|x64.ActiveCfg = Release|Any CPU
		{86934BB3-619A-4E6F-9EA1-C6EC902CACB0}.Release|x64.Build.0 = Release|Any CPU
		{86934BB3-619A-4E6F-9EA1-C6EC902CACB0}.Release|x86.ActiveCfg = Release|Any CPU
		{86934BB3-619A-4E6F-9EA1-C6EC902CACB0}.Release|x86.Build.0 = Release|Any CPU
		{F56238DA-7A4E-482E-8CC2-9F50BC1D4B22}.Debug|Any CPU.ActiveCfg = Debug|Any CPU
		{F56238DA-7A4E-482E-8CC2-9F50BC1D4B22}.Debug|Any CPU.Build.0 = Debug|Any CPU
		{F56238DA-7A4E-482E-8CC2-9F50BC1D4B22}.Debug|x64.ActiveCfg = Debug|Any CPU
		{F56238DA-7A4E-482E-8CC2-9F50BC1D4B22}.Debug|x64.Build.0 = Debug|Any CPU
		{F56238DA-7A4E-482E-8CC2-9F50BC1D4B22}.Debug|x86.ActiveCfg = Debug|Any CPU
		{F56238DA-7A4E-482E-8CC2-9F50BC1D4B22}.Debug|x86.Build.0 = Debug|Any CPU
		{F56238DA-7A4E-482E-8CC2-9F50BC1D4B22}.Release|Any CPU.ActiveCfg = Release|Any CPU
		{F56238DA-7A4E-482E-8CC2-9F50BC1D4B22}.Release|Any CPU.Build.0 = Release|Any CPU
		{F56238DA-7A4E-482E-8CC2-9F50BC1D4B22}.Release|x64.ActiveCfg = Release|Any CPU
		{F56238DA-7A4E-482E-8CC2-9F50BC1D4B22}.Release|x64.Build.0 = Release|Any CPU
		{F56238DA-7A4E-482E-8CC2-9F50BC1D4B22}.Release|x86.ActiveCfg = Release|Any CPU
		{F56238DA-7A4E-482E-8CC2-9F50BC1D4B22}.Release|x86.Build.0 = Release|Any CPU
		{157FB0B8-FD08-1C1B-9228-D33BF77298DC}.Debug|Any CPU.ActiveCfg = Debug|Any CPU
		{157FB0B8-FD08-1C1B-9228-D33BF77298DC}.Debug|Any CPU.Build.0 = Debug|Any CPU
		{157FB0B8-FD08-1C1B-9228-D33BF77298DC}.Debug|x64.ActiveCfg = Debug|Any CPU
		{157FB0B8-FD08-1C1B-9228-D33BF77298DC}.Debug|x64.Build.0 = Debug|Any CPU
		{157FB0B8-FD08-1C1B-9228-D33BF77298DC}.Debug|x86.ActiveCfg = Debug|Any CPU
		{157FB0B8-FD08-1C1B-9228-D33BF77298DC}.Debug|x86.Build.0 = Debug|Any CPU
		{157FB0B8-FD08-1C1B-9228-D33BF77298DC}.Release|Any CPU.ActiveCfg = Release|Any CPU
		{157FB0B8-FD08-1C1B-9228-D33BF77298DC}.Release|Any CPU.Build.0 = Release|Any CPU
		{157FB0B8-FD08-1C1B-9228-D33BF77298DC}.Release|x64.ActiveCfg = Release|Any CPU
		{157FB0B8-FD08-1C1B-9228-D33BF77298DC}.Release|x64.Build.0 = Release|Any CPU
		{157FB0B8-FD08-1C1B-9228-D33BF77298DC}.Release|x86.ActiveCfg = Release|Any CPU
		{157FB0B8-FD08-1C1B-9228-D33BF77298DC}.Release|x86.Build.0 = Release|Any CPU
		{C8628433-BC74-36E4-A05E-972600371903}.Debug|Any CPU.ActiveCfg = Debug|Any CPU
		{C8628433-BC74-36E4-A05E-972600371903}.Debug|Any CPU.Build.0 = Debug|Any CPU
		{C8628433-BC74-36E4-A05E-972600371903}.Debug|x64.ActiveCfg = Debug|Any CPU
		{C8628433-BC74-36E4-A05E-972600371903}.Debug|x64.Build.0 = Debug|Any CPU
		{C8628433-BC74-36E4-A05E-972600371903}.Debug|x86.ActiveCfg = Debug|Any CPU
		{C8628433-BC74-36E4-A05E-972600371903}.Debug|x86.Build.0 = Debug|Any CPU
		{C8628433-BC74-36E4-A05E-972600371903}.Release|Any CPU.ActiveCfg = Release|Any CPU
		{C8628433-BC74-36E4-A05E-972600371903}.Release|Any CPU.Build.0 = Release|Any CPU
		{C8628433-BC74-36E4-A05E-972600371903}.Release|x64.ActiveCfg = Release|Any CPU
		{C8628433-BC74-36E4-A05E-972600371903}.Release|x64.Build.0 = Release|Any CPU
		{C8628433-BC74-36E4-A05E-972600371903}.Release|x86.ActiveCfg = Release|Any CPU
		{C8628433-BC74-36E4-A05E-972600371903}.Release|x86.Build.0 = Release|Any CPU
		{11DE4019-4DA2-8412-2895-721FAF4179E7}.Debug|Any CPU.ActiveCfg = Debug|Any CPU
		{11DE4019-4DA2-8412-2895-721FAF4179E7}.Debug|Any CPU.Build.0 = Debug|Any CPU
		{11DE4019-4DA2-8412-2895-721FAF4179E7}.Debug|x64.ActiveCfg = Debug|Any CPU
		{11DE4019-4DA2-8412-2895-721FAF4179E7}.Debug|x64.Build.0 = Debug|Any CPU
		{11DE4019-4DA2-8412-2895-721FAF4179E7}.Debug|x86.ActiveCfg = Debug|Any CPU
		{11DE4019-4DA2-8412-2895-721FAF4179E7}.Debug|x86.Build.0 = Debug|Any CPU
		{11DE4019-4DA2-8412-2895-721FAF4179E7}.Release|Any CPU.ActiveCfg = Release|Any CPU
		{11DE4019-4DA2-8412-2895-721FAF4179E7}.Release|Any CPU.Build.0 = Release|Any CPU
		{11DE4019-4DA2-8412-2895-721FAF4179E7}.Release|x64.ActiveCfg = Release|Any CPU
		{11DE4019-4DA2-8412-2895-721FAF4179E7}.Release|x64.Build.0 = Release|Any CPU
		{11DE4019-4DA2-8412-2895-721FAF4179E7}.Release|x86.ActiveCfg = Release|Any CPU
		{11DE4019-4DA2-8412-2895-721FAF4179E7}.Release|x86.Build.0 = Release|Any CPU
	EndGlobalSection
	GlobalSection(SolutionProperties) = preSolution
		HideSolutionNode = FALSE
	EndGlobalSection
	GlobalSection(NestedProjects) = preSolution
		{0DC42ED3-1C05-45BD-B068-1125C691A7FC} = {827E0CD3-B72D-47B6-A68D-7590B98EB39B}
		{B3B1E1AA-3BF5-4207-BFDA-85C083BF9077} = {827E0CD3-B72D-47B6-A68D-7590B98EB39B}
		{189A3330-2D70-4AB4-9C51-F63425614206} = {0AB3BF05-4346-4AA6-1389-037BE0695223}
		{2B8B235E-0F15-448B-BA39-35102B6DCFCD} = {0AB3BF05-4346-4AA6-1389-037BE0695223}
		{86934BB3-619A-4E6F-9EA1-C6EC902CACB0} = {827E0CD3-B72D-47B6-A68D-7590B98EB39B}
		{F56238DA-7A4E-482E-8CC2-9F50BC1D4B22} = {827E0CD3-B72D-47B6-A68D-7590B98EB39B}
		{157FB0B8-FD08-1C1B-9228-D33BF77298DC} = {827E0CD3-B72D-47B6-A68D-7590B98EB39B}
		{C8628433-BC74-36E4-A05E-972600371903} = {827E0CD3-B72D-47B6-A68D-7590B98EB39B}
		{11DE4019-4DA2-8412-2895-721FAF4179E7} = {827E0CD3-B72D-47B6-A68D-7590B98EB39B}
	EndGlobalSection
	GlobalSection(ExtensibilityGlobals) = postSolution
		SolutionGuid = {820C8CB6-8992-433B-8867-C0FE319967B1}
	EndGlobalSection
EndGlobal
